{
  "name": "tpt-js-sdk-ts",
  "version": "1.0.0",
  "lockfileVersion": 1,
  "requires": true,
  "dependencies": {
    "estree-walker": {
      "version": "0.6.1",
      "resolved": "http://10.29.36.2:8081/repository/npm-group/estree-walker/-/estree-walker-0.6.1.tgz",
      "integrity": "sha1-UwSRQ/QMbrkYsjZx0f4yGfOhs2I=",
      "dev": true
    },
    "function-bind": {
      "version": "1.1.1",
      "resolved": "http://10.29.36.2:8081/repository/npm-group/function-bind/-/function-bind-1.1.1.tgz",
      "integrity": "sha1-pWiZ0+o8m6uHS7l3O3xe3pL0iV0=",
      "dev": true
    },
    "has": {
      "version": "1.0.3",
      "resolved": "http://10.29.36.2:8081/repository/npm-group/has/-/has-1.0.3.tgz",
      "integrity": "sha1-ci18v8H2qoJB8W3YFOAR4fQeh5Y=",
      "dev": true,
      "requires": {
        "function-bind": "^1.1.1"
      }
    },
    "is-core-module": {
      "version": "2.1.0",
      "resolved": "http://10.29.36.2:8081/repository/npm-group/is-core-module/-/is-core-module-2.1.0.tgz",
      "integrity": "sha1-pMwDHZsaymPuy9GKZQ4Ty07quUY=",
      "dev": true,
      "requires": {
        "has": "^1.0.3"
      }
    },
    "path-parse": {
      "version": "1.0.6",
      "resolved": "http://10.29.36.2:8081/repository/npm-group/path-parse/-/path-parse-1.0.6.tgz",
      "integrity": "sha1-1i27VnlAXXLEc37FhgDp3c8G0kw=",
      "dev": true
    },
    "resolve": {
      "version": "1.18.1",
      "resolved": "http://10.29.36.2:8081/repository/npm-group/resolve/-/resolve-1.18.1.tgz",
      "integrity": "sha1-AY/LLFsgfSpkJK7jYcWiZtqPQTA=",
      "dev": true,
      "requires": {
        "is-core-module": "^2.0.0",
        "path-parse": "^1.0.6"
      }
    },
    "rollup-plugin-typescript": {
      "version": "1.0.1",
      "resolved": "http://10.29.36.2:8081/repository/npm-group/rollup-plugin-typescript/-/rollup-plugin-typescript-1.0.1.tgz",
      "integrity": "sha1-hlZQM7cUw9Hzq6UQqtPcUZ9wkek=",
      "dev": true,
      "requires": {
        "resolve": "^1.10.0",
        "rollup-pluginutils": "^2.5.0"
      }
    },
    "rollup-pluginutils": {
      "version": "2.8.2",
      "resolved": "http://10.29.36.2:8081/repository/npm-group/rollup-pluginutils/-/rollup-pluginutils-2.8.2.tgz",
      "integrity": "sha1-cvKvB0i1kjZNvTOJ5gDlqURKNR4=",
      "dev": true,
      "requires": {
        "estree-walker": "^0.6.1"
      }
    },
    "tslib": {
      "version": "2.0.3",
      "resolved": "http://10.29.36.2:8081/repository/npm-group/tslib/-/tslib-2.0.3.tgz",
      "integrity": "sha1-jgdBrEX8DCJuWKF7/D5kubxsphw=",
      "dev": true
    },
    "typescript": {
      "version": "4.0.5",
      "resolved": "http://10.29.36.2:8081/repository/npm-group/typescript/-/typescript-4.0.5.tgz",
      "integrity": "sha1-rp3d/RBp8ctb6z7zshcN18EzI4k=",
      "dev": true
    }
  }
}
